
Microsoft Visual Studio Solution File, Format Version 12.00
# Visual Studio Version 16
VisualStudioVersion = 16.0.32002.261
MinimumVisualStudioVersion = 10.0.40219.1
Project("{FAE04EC0-301F-11D3-BF4B-00C04F79EFBC}") = "ParkingExam", "ParkingExam\ParkingExam.csproj", "{F680903B-C884-4A4B-BE2C-C42E71CA30DC}"
EndProject
Global
	GlobalSection(SolutionConfigurationPlatforms) = preSolution
		Debug|Any CPU = Debug|Any CPU
		Release|Any CPU = Release|Any CPU
	EndGlobalSection
	GlobalSection(ProjectConfigurationPlatforms) = postSolution
		{F680903B-C884-4A4B-BE2C-C42E71CA30DC}.Debug|Any CPU.ActiveCfg = Debug|Any CPU
		{F680903B-C884-4A4B-BE2C-C42E71CA30DC}.Debug|Any CPU.Build.0 = Debug|Any CPU
		{F680903B-C884-4A4B-BE2C-C42E71CA30DC}.Release|Any CPU.ActiveCfg = Release|Any CPU
		{F680903B-C884-4A4B-BE2C-C42E71CA30DC}.Release|Any CPU.Build.0 = Release|Any CPU
	EndGlobalSection
	GlobalSection(SolutionProperties) = preSolution
		HideSolutionNode = FALSE
	EndGlobalSection
	GlobalSection(ExtensibilityGlobals) = postSolution
		SolutionGuid = {8ABE7941-F168-4D04-BC11-1BE484CA9FEA}
	EndGlobalSection
EndGlobal
